
Microsoft Visual Studio Solution File, Format Version 12.00
# Visual Studio Version 17
VisualStudioVersion = 17.10.35122.118
MinimumVisualStudioVersion = 10.0.40219.1
Project("{9A19103F-16F7-4668-BE54-9A1E7A4F7556}") = "Presentation", "Presentation\Presentation.csproj", "{CE994474-2FFA-4DA1-8491-B227F5CB68CB}"
EndProject
Project("{9A19103F-16F7-4668-BE54-9A1E7A4F7556}") = "Infrastructure", "Infrastructure\Infrastructure.csproj", "{4CB58142-3E8E-410D-92B9-F2A5F886B93D}"
EndProject
Project("{9A19103F-16F7-4668-BE54-9A1E7A4F7556}") = "Domain", "Domain\Domain.csproj", "{9C552CDD-8C36-4A94-B0C9-721A38B998C3}"
EndProject
Project("{9A19103F-16F7-4668-BE54-9A1E7A4F7556}") = "Application", "Application\Application.csproj", "{46FA0739-3EC2-4893-B0EE-6AE26A526617}"
EndProject
Project("{9A19103F-16F7-4668-BE54-9A1E7A4F7556}") = "Tests", "..\Tests\Application.Tests\Tests.csproj", "{12BFB160-5FDD-45C6-9F42-7586C7231B1E}"
EndProject
Project("{9A19103F-16F7-4668-BE54-9A1E7A4F7556}") = "Shared", "Shared\Shared.csproj", "{AE5262A7-3220-4C27-A4CD-58E0A9777E74}"
EndProject
Project("{FAE04EC0-301F-11D3-BF4B-00C04F79EFBC}") = "Host", "Host\Host.csproj", "{EB7BDE82-EF6C-4D3E-802B-760F271670DF}"
EndProject
Global
	GlobalSection(SolutionConfigurationPlatforms) = preSolution
		Debug|Any CPU = Debug|Any CPU
		Release|Any CPU = Release|Any CPU
	EndGlobalSection
	GlobalSection(ProjectConfigurationPlatforms) = postSolution
		{CE994474-2FFA-4DA1-8491-B227F5CB68CB}.Debug|Any CPU.ActiveCfg = Debug|Any CPU
		{CE994474-2FFA-4DA1-8491-B227F5CB68CB}.Debug|Any CPU.Build.0 = Debug|Any CPU
		{CE994474-2FFA-4DA1-8491-B227F5CB68CB}.Release|Any CPU.ActiveCfg = Release|Any CPU
		{CE994474-2FFA-4DA1-8491-B227F5CB68CB}.Release|Any CPU.Build.0 = Release|Any CPU
		{4CB58142-3E8E-410D-92B9-F2A5F886B93D}.Debug|Any CPU.ActiveCfg = Debug|Any CPU
		{4CB58142-3E8E-410D-92B9-F2A5F886B93D}.Debug|Any CPU.Build.0 = Debug|Any CPU
		{4CB58142-3E8E-410D-92B9-F2A5F886B93D}.Release|Any CPU.ActiveCfg = Release|Any CPU
		{4CB58142-3E8E-410D-92B9-F2A5F886B93D}.Release|Any CPU.Build.0 = Release|Any CPU
		{9C552CDD-8C36-4A94-B0C9-721A38B998C3}.Debug|Any CPU.ActiveCfg = Debug|Any CPU
		{9C552CDD-8C36-4A94-B0C9-721A38B998C3}.Debug|Any CPU.Build.0 = Debug|Any CPU
		{9C552CDD-8C36-4A94-B0C9-721A38B998C3}.Release|Any CPU.ActiveCfg = Release|Any CPU
		{9C552CDD-8C36-4A94-B0C9-721A38B998C3}.Release|Any CPU.Build.0 = Release|Any CPU
		{46FA0739-3EC2-4893-B0EE-6AE26A526617}.Debug|Any CPU.ActiveCfg = Debug|Any CPU
		{46FA0739-3EC2-4893-B0EE-6AE26A526617}.Debug|Any CPU.Build.0 = Debug|Any CPU
		{46FA0739-3EC2-4893-B0EE-6AE26A526617}.Release|Any CPU.ActiveCfg = Release|Any CPU
		{46FA0739-3EC2-4893-B0EE-6AE26A526617}.Release|Any CPU.Build.0 = Release|Any CPU
		{12BFB160-5FDD-45C6-9F42-7586C7231B1E}.Debug|Any CPU.ActiveCfg = Debug|Any CPU
		{12BFB160-5FDD-45C6-9F42-7586C7231B1E}.Debug|Any CPU.Build.0 = Debug|Any CPU
		{12BFB160-5FDD-45C6-9F42-7586C7231B1E}.Release|Any CPU.ActiveCfg = Release|Any CPU
		{12BFB160-5FDD-45C6-9F42-7586C7231B1E}.Release|Any CPU.Build.0 = Release|Any CPU
		{AE5262A7-3220-4C27-A4CD-58E0A9777E74}.Debug|Any CPU.ActiveCfg = Debug|Any CPU
		{AE5262A7-3220-4C27-A4CD-58E0A9777E74}.Debug|Any CPU.Build.0 = Debug|Any CPU
		{AE5262A7-3220-4C27-A4CD-58E0A9777E74}.Release|Any CPU.ActiveCfg = Release|Any CPU
		{AE5262A7-3220-4C27-A4CD-58E0A9777E74}.Release|Any CPU.Build.0 = Release|Any CPU
		{EB7BDE82-EF6C-4D3E-802B-760F271670DF}.Debug|Any CPU.ActiveCfg = Debug|Any CPU
		{EB7BDE82-EF6C-4D3E-802B-760F271670DF}.Debug|Any CPU.Build.0 = Debug|Any CPU
		{EB7BDE82-EF6C-4D3E-802B-760F271670DF}.Release|Any CPU.ActiveCfg = Release|Any CPU
		{EB7BDE82-EF6C-4D3E-802B-760F271670DF}.Release|Any CPU.Build.0 = Release|Any CPU
	EndGlobalSection
	GlobalSection(SolutionProperties) = preSolution
		HideSolutionNode = FALSE
	EndGlobalSection
	GlobalSection(ExtensibilityGlobals) = postSolution
		SolutionGuid = {93709F03-C9A3-4796-B241-2B4820FD36C4}
	EndGlobalSection
EndGlobal
